// !$*UTF8*$!
{
	archiveVersion = 1;
	classes = {
	};
	objectVersion = 50;
	objects = {

/* Begin PBXBuildFile section */
		5243D4AF2511D5FC006B330B /* AppDelegate.swift in Sources */ = {isa = PBXBuildFile; fileRef = 5243D4AE2511D5FC006B330B /* AppDelegate.swift */; };
		5243D4B12511D5FC006B330B /* SceneDelegate.swift in Sources */ = {isa = PBXBuildFile; fileRef = 5243D4B02511D5FC006B330B /* SceneDelegate.swift */; };
		5243D4B32511D5FC006B330B /* ContentView.swift in Sources */ = {isa = PBXBuildFile; fileRef = 5243D4B22511D5FC006B330B /* ContentView.swift */; };
		5243D4B52511D5FD006B330B /* Assets.xcassets in Resources */ = {isa = PBXBuildFile; fileRef = 5243D4B42511D5FD006B330B /* Assets.xcassets */; };
		5243D4B82511D5FD006B330B /* Preview Assets.xcassets in Resources */ = {isa = PBXBuildFile; fileRef = 5243D4B72511D5FD006B330B /* Preview Assets.xcassets */; };
		5243D4BB2511D5FD006B330B /* LaunchScreen.storyboard in Resources */ = {isa = PBXBuildFile; fileRef = 5243D4B92511D5FD006B330B /* LaunchScreen.storyboard */; };
		5243D4C62511D5FD006B330B /* MapSwiftUITests.swift in Sources */ = {isa = PBXBuildFile; fileRef = 5243D4C52511D5FD006B330B /* MapSwiftUITests.swift */; };
		5243D4D12511D5FD006B330B /* MapSwiftUIUITests.swift in Sources */ = {isa = PBXBuildFile; fileRef = 5243D4D02511D5FD006B330B /* MapSwiftUIUITests.swift */; };
/* End PBXBuildFile section */

/* Begin PBXContainerItemProxy section */
		5243D4C22511D5FD006B330B /* PBXContainerItemProxy */ = {
			isa = PBXContainerItemProxy;
			containerPortal = 5243D4A32511D5FC006B330B /* Project object */;
			proxyType = 1;
			remoteGlobalIDString = 5243D4AA2511D5FC006B330B;
			remoteInfo = MapSwiftUI;
		};
		5243D4CD2511D5FD006B330B /* PBXContainerItemProxy */ = {
			isa = PBXContainerItemProxy;
			containerPortal = 5243D4A32511D5FC006B330B /* Project object */;
			proxyType = 1;
			remoteGlobalIDString = 5243D4AA2511D5FC006B330B;
			remoteInfo = MapSwiftUI;
		};
/* End PBXContainerItemProxy section */

/* Begin PBXFileReference section */
		5243D4AB2511D5FC006B330B /* MapSwiftUI.app */ = {isa = PBXFileReference; explicitFileType = wrapper.application; includeInIndex = 0; path = MapSwiftUI.app; sourceTree = BUILT_PRODUCTS_DIR; };
		5243D4AE2511D5FC006B330B /* AppDelegate.swift */ = {isa = PBXFileReference; lastKnownFileType = sourcecode.swift; path = AppDelegate.swift; sourceTree = "<group>"; };
		5243D4B02511D5FC006B330B /* SceneDelegate.swift */ = {isa = PBXFileReference; lastKnownFileType = sourcecode.swift; path = SceneDelegate.swift; sourceTree = "<group>"; };
		5243D4B22511D5FC006B330B /* ContentView.swift */ = {isa = PBXFileReference; lastKnownFileType = sourcecode.swift; path = ContentView.swift; sourceTree = "<group>"; };
		5243D4B42511D5FD006B330B /* Assets.xcassets */ = {isa = PBXFileReference; lastKnownFileType = folder.assetcatalog; path = Assets.xcassets; sourceTree = "<group>"; };
		5243D4B72511D5FD006B330B /* Preview Assets.xcassets */ = {isa = PBXFileReference; lastKnownFileType = folder.assetcatalog; path = "Preview Assets.xcassets"; sourceTree = "<group>"; };
		5243D4BA2511D5FD006B330B /* Base */ = {isa = PBXFileReference; lastKnownFileType = file.storyboard; name = Base; path = Base.lproj/LaunchScreen.storyboard; sourceTree = "<group>"; };
		5243D4BC2511D5FD006B330B /* Info.plist */ = {isa = PBXFileReference; lastKnownFileType = text.plist.xml; path = Info.plist; sourceTree = "<group>"; };
		5243D4C12511D5FD006B330B /* MapSwiftUITests.xctest */ = {isa = PBXFileReference; explicitFileType = wrapper.cfbundle; includeInIndex = 0; path = MapSwiftUITests.xctest; sourceTree = BUILT_PRODUCTS_DIR; };
		5243D4C52511D5FD006B330B /* MapSwiftUITests.swift */ = {isa = PBXFileReference; lastKnownFileType = sourcecode.swift; path = MapSwiftUITests.swift; sourceTree = "<group>"; };
		5243D4C72511D5FD006B330B /* Info.plist */ = {isa = PBXFileReference; lastKnownFileType = text.plist.xml; path = Info.plist; sourceTree = "<group>"; };
		5243D4CC2511D5FD006B330B /* MapSwiftUIUITests.xctest */ = {isa = PBXFileReference; explicitFileType = wrapper.cfbundle; includeInIndex = 0; path = MapSwiftUIUITests.xctest; sourceTree = BUILT_PRODUCTS_DIR; };
		5243D4D02511D5FD006B330B /* MapSwiftUIUITests.swift */ = {isa = PBXFileReference; lastKnownFileType = sourcecode.swift; path = MapSwiftUIUITests.swift; sourceTree = "<group>"; };
		5243D4D22511D5FD006B330B /* Info.plist */ = {isa = PBXFileReference; lastKnownFileType = text.plist.xml; path = Info.plist; sourceTree = "<group>"; };
/* End PBXFileReference section */

/* Begin PBXFrameworksBuildPhase section */
		5243D4A82511D5FC006B330B /* Frameworks */ = {
			isa = PBXFrameworksBuildPhase;
			buildActionMask = 2147483647;
			files = (
			);
			runOnlyForDeploymentPostprocessing = 0;
		};
		5243D4BE2511D5FD006B330B /* Frameworks */ = {
			isa = PBXFrameworksBuildPhase;
			buildActionMask = 2147483647;
			files = (
			);
			runOnlyForDeploymentPostprocessing = 0;
		};
		5243D4C92511D5FD006B330B /* Frameworks */ = {
			isa = PBXFrameworksBuildPhase;
			buildActionMask = 2147483647;
			files = (
			);
			runOnlyForDeploymentPostprocessing = 0;
		};
/* End PBXFrameworksBuildPhase section */

/* Begin PBXGroup section */
		5243D4A22511D5FC006B330B = {
			isa = PBXGroup;
			children = (
				5243D4AD2511D5FC006B330B /* MapSwiftUI */,
				5243D4C42511D5FD006B330B /* MapSwiftUITests */,
				5243D4CF2511D5FD006B330B /* MapSwiftUIUITests */,
				5243D4AC2511D5FC006B330B /* Products */,
			);
			sourceTree = "<group>";
		};
		5243D4AC2511D5FC006B330B /* Products */ = {
			isa = PBXGroup;
			children = (
				5243D4AB2511D5FC006B330B /* MapSwiftUI.app */,
				5243D4C12511D5FD006B330B /* MapSwiftUITests.xctest */,
				5243D4CC2511D5FD006B330B /* MapSwiftUIUITests.xctest */,
			);
			name = Products;
			sourceTree = "<group>";
		};
		5243D4AD2511D5FC006B330B /* MapSwiftUI */ = {
			isa = PBXGroup;
			children = (
				5243D4AE2511D5FC006B330B /* AppDelegate.swift */,
				5243D4B02511D5FC006B330B /* SceneDelegate.swift */,
				5243D4B22511D5FC006B330B /* ContentView.swift */,
				5243D4B42511D5FD006B330B /* Assets.xcassets */,
				5243D4B92511D5FD006B330B /* LaunchScreen.storyboard */,
				5243D4BC2511D5FD006B330B /* Info.plist */,
				5243D4B62511D5FD006B330B /* Preview Content */,
			);
			path = MapSwiftUI;
			sourceTree = "<group>";
		};
		5243D4B62511D5FD006B330B /* Preview Content */ = {
			isa = PBXGroup;
			children = (
				5243D4B72511D5FD006B330B /* Preview Assets.xcassets */,
			);
			path = "Preview Content";
			sourceTree = "<group>";
		};
		5243D4C42511D5FD006B330B /* MapSwiftUITests */ = {
			isa = PBXGroup;
			children = (
				5243D4C52511D5FD006B330B /* MapSwiftUITests.swift */,
				5243D4C72511D5FD006B330B /* Info.plist */,
			);
			path = MapSwiftUITests;
			sourceTree = "<group>";
		};
		5243D4CF2511D5FD006B330B /* MapSwiftUIUITests */ = {
			isa = PBXGroup;
			children = (
				5243D4D02511D5FD006B330B /* MapSwiftUIUITests.swift */,
				5243D4D22511D5FD006B330B /* Info.plist */,
			);
			path = MapSwiftUIUITests;
			sourceTree = "<group>";
		};
/* End PBXGroup section */

/* Begin PBXNativeTarget section */
		5243D4AA2511D5FC006B330B /* MapSwiftUI */ = {
			isa = PBXNativeTarget;
			buildConfigurationList = 5243D4D52511D5FD006B330B /* Build configuration list for PBXNativeTarget "MapSwiftUI" */;
			buildPhases = (
				5243D4A72511D5FC006B330B /* Sources */,
				5243D4A82511D5FC006B330B /* Frameworks */,
				5243D4A92511D5FC006B330B /* Resources */,
			);
			buildRules = (
			);
			dependencies = (
			);
			name = MapSwiftUI;
			productName = MapSwiftUI;
			productReference = 5243D4AB2511D5FC006B330B /* MapSwiftUI.app */;
			productType = "com.apple.product-type.application";
		};
		5243D4C02511D5FD006B330B /* MapSwiftUITests */ = {
			isa = PBXNativeTarget;
			buildConfigurationList = 5243D4D82511D5FD006B330B /* Build configuration list for PBXNativeTarget "MapSwiftUITests" */;
			buildPhases = (
				5243D4BD2511D5FD006B330B /* Sources */,
				5243D4BE2511D5FD006B330B /* Frameworks */,
				5243D4BF2511D5FD006B330B /* Resources */,
			);
			buildRules = (
			);
			dependencies = (
				5243D4C32511D5FD006B330B /* PBXTargetDependency */,
			);
			name = MapSwiftUITests;
			productName = MapSwiftUITests;
			productReference = 5243D4C12511D5FD006B330B /* MapSwiftUITests.xctest */;
			productType = "com.apple.product-type.bundle.unit-test";
		};
		5243D4CB2511D5FD006B330B /* MapSwiftUIUITests */ = {
			isa = PBXNativeTarget;
			buildConfigurationList = 5243D4DB2511D5FD006B330B /* Build configuration list for PBXNativeTarget "MapSwiftUIUITests" */;
			buildPhases = (
				5243D4C82511D5FD006B330B /* Sources */,
				5243D4C92511D5FD006B330B /* Frameworks */,
				5243D4CA2511D5FD006B330B /* Resources */,
			);
			buildRules = (
			);
			dependencies = (
				5243D4CE2511D5FD006B330B /* PBXTargetDependency */,
			);
			name = MapSwiftUIUITests;
			productName = MapSwiftUIUITests;
			productReference = 5243D4CC2511D5FD006B330B /* MapSwiftUIUITests.xctest */;
			productType = "com.apple.product-type.bundle.ui-testing";
		};
/* End PBXNativeTarget section */

/* Begin PBXProject section */
		5243D4A32511D5FC006B330B /* Project object */ = {
			isa = PBXProject;
			attributes = {
				LastSwiftUpdateCheck = 1160;
				LastUpgradeCheck = 1160;
				ORGANIZATIONNAME = "Kingsley Enoka";
				TargetAttributes = {
					5243D4AA2511D5FC006B330B = {
						CreatedOnToolsVersion = 11.6;
					};
					5243D4C02511D5FD006B330B = {
						CreatedOnToolsVersion = 11.6;
						TestTargetID = 5243D4AA2511D5FC006B330B;
					};
					5243D4CB2511D5FD006B330B = {
						CreatedOnToolsVersion = 11.6;
						TestTargetID = 5243D4AA2511D5FC006B330B;
					};
				};
			};
			buildConfigurationList = 5243D4A62511D5FC006B330B /* Build configuration list for PBXProject "MapSwiftUI" */;
			compatibilityVersion = "Xcode 9.3";
			developmentRegion = en;
			hasScannedForEncodings = 0;
			knownRegions = (
				en,
				Base,
			);
			mainGroup = 5243D4A22511D5FC006B330B;
			productRefGroup = 5243D4AC2511D5FC006B330B /* Products */;
			projectDirPath = "";
			projectRoot = "";
			targets = (
				5243D4AA2511D5FC006B330B /* MapSwiftUI */,
				5243D4C02511D5FD006B330B /* MapSwiftUITests */,
				5243D4CB2511D5FD006B330B /* MapSwiftUIUITests */,
			);
		};
/* End PBXProject section */

/* Begin PBXResourcesBuildPhase section */
		5243D4A92511D5FC006B330B /* Resources */ = {
			isa = PBXResourcesBuildPhase;
			buildActionMask = 2147483647;
			files = (
				5243D4BB2511D5FD006B330B /* LaunchScreen.storyboard in Resources */,
				5243D4B82511D5FD006B330B /* Preview Assets.xcassets in Resources */,
				5243D4B52511D5FD006B330B /* Assets.xcassets in Resources */,
			);
			runOnlyForDeploymentPostprocessing = 0;
		};
		5243D4BF2511D5FD006B330B /* Resources */ = {
			isa = PBXResourcesBuildPhase;
			buildActionMask = 2147483647;
			files = (
			);
			runOnlyForDeploymentPostprocessing = 0;
		};
		5243D4CA2511D5FD006B330B /* Resources */ = {
			isa = PBXResourcesBuildPhase;
			buildActionMask = 2147483647;
			files = (
			);
			runOnlyForDeploymentPostprocessing = 0;
		};
/* End PBXResourcesBuildPhase section */

/* Begin PBXSourcesBuildPhase section */
		5243D4A72511D5FC006B330B /* Sources */ = {
			isa = PBXSourcesBuildPhase;
			buildActionMask = 2147483647;
			files = (
				5243D4AF2511D5FC006B330B /* AppDelegate.swift in Sources */,
				5243D4B12511D5FC006B330B /* SceneDelegate.swift in Sources */,
				5243D4B32511D5FC006B330B /* ContentView.swift in Sources */,
			);
			runOnlyForDeploymentPostprocessing = 0;
		};
		5243D4BD2511D5FD006B330B /* Sources */ = {
			isa = PBXSourcesBuildPhase;
			buildActionMask = 2147483647;
			files = (
				5243D4C62511D5FD006B330B /* MapSwiftUITests.swift in Sources */,
			);
			runOnlyForDeploymentPostprocessing = 0;
		};
		5243D4C82511D5FD006B330B /* Sources */ = {
			isa = PBXSourcesBuildPhase;
			buildActionMask = 2147483647;
			files = (
				5243D4D12511D5FD006B330B /* MapSwiftUIUITests.swift in Sources */,
			);
			runOnlyForDeploymentPostprocessing = 0;
		};
/* End PBXSourcesBuildPhase section */

/* Begin PBXTargetDependency section */
		5243D4C32511D5FD006B330B /* PBXTargetDependency */ = {
			isa = PBXTargetDependency;
			target = 5243D4AA2511D5FC006B330B /* MapSwiftUI */;
			targetProxy = 5243D4C22511D5FD006B330B /* PBXContainerItemProxy */;
		};
		5243D4CE2511D5FD006B330B /* PBXTargetDependency */ = {
			isa = PBXTargetDependency;
			target = 5243D4AA2511D5FC006B330B /* MapSwiftUI */;
			targetProxy = 5243D4CD2511D5FD006B330B /* PBXContainerItemProxy */;
		};
/* End PBXTargetDependency section */

/* Begin PBXVariantGroup section */
		5243D4B92511D5FD006B330B /* LaunchScreen.storyboard */ = {
			isa = PBXVariantGroup;
			children = (
				5243D4BA2511D5FD006B330B /* Base */,
			);
			name = LaunchScreen.storyboard;
			sourceTree = "<group>";
		};
/* End PBXVariantGroup section */

/* Begin XCBuildConfiguration section */
		5243D4D32511D5FD006B330B /* Debug */ = {
			isa = XCBuildConfiguration;
			buildSettings = {
				ALWAYS_SEARCH_USER_PATHS = NO;
				CLANG_ANALYZER_NONNULL = YES;
				CLANG_ANALYZER_NUMBER_OBJECT_CONVERSION = YES_AGGRESSIVE;
				CLANG_CXX_LANGUAGE_STANDARD = "gnu++14";
				CLANG_CXX_LIBRARY = "libc++";
				CLANG_ENABLE_MODULES = YES;
				CLANG_ENABLE_OBJC_ARC = YES;
				CLANG_ENABLE_OBJC_WEAK = YES;
				CLANG_WARN_BLOCK_CAPTURE_AUTORELEASING = YES;
				CLANG_WARN_BOOL_CONVERSION = YES;
				CLANG_WARN_COMMA = YES;
				CLANG_WARN_CONSTANT_CONVERSION = YES;
				CLANG_WARN_DEPRECATED_OBJC_IMPLEMENTATIONS = YES;
				CLANG_WARN_DIRECT_OBJC_ISA_USAGE = YES_ERROR;
				CLANG_WARN_DOCUMENTATION_COMMENTS = YES;
				CLANG_WARN_EMPTY_BODY = YES;
				CLANG_WARN_ENUM_CONVERSION = YES;
				CLANG_WARN_INFINITE_RECURSION = YES;
				CLANG_WARN_INT_CONVERSION = YES;
				CLANG_WARN_NON_LITERAL_NULL_CONVERSION = YES;
				CLANG_WARN_OBJC_IMPLICIT_RETAIN_SELF = YES;
				CLANG_WARN_OBJC_LITERAL_CONVERSION = YES;
				CLANG_WARN_OBJC_ROOT_CLASS = YES_ERROR;
				CLANG_WARN_RANGE_LOOP_ANALYSIS = YES;
				CLANG_WARN_STRICT_PROTOTYPES = YES;
				CLANG_WARN_SUSPICIOUS_MOVE = YES;
				CLANG_WARN_UNGUARDED_AVAILABILITY = YES_AGGRESSIVE;
				CLANG_WARN_UNREACHABLE_CODE = YES;
				CLANG_WARN__DUPLICATE_METHOD_MATCH = YES;
				COPY_PHASE_STRIP = NO;
				DEBUG_INFORMATION_FORMAT = dwarf;
				ENABLE_STRICT_OBJC_MSGSEND = YES;
				ENABLE_TESTABILITY = YES;
				GCC_C_LANGUAGE_STANDARD = gnu11;
				GCC_DYNAMIC_NO_PIC = NO;
				GCC_NO_COMMON_BLOCKS = YES;
				GCC_OPTIMIZATION_LEVEL = 0;
				GCC_PREPROCESSOR_DEFINITIONS = (
					"DEBUG=1",
					"$(inherited)",
				);
				GCC_WARN_64_TO_32_BIT_CONVERSION = YES;
				GCC_WARN_ABOUT_RETURN_TYPE = YES_ERROR;
				GCC_WARN_UNDECLARED_SELECTOR = YES;
				GCC_WARN_UNINITIALIZED_AUTOS = YES_AGGRESSIVE;
				GCC_WARN_UNUSED_FUNCTION = YES;
				GCC_WARN_UNUSED_VARIABLE = YES;
				IPHONEOS_DEPLOYMENT_TARGET = 13.6;
				MTL_ENABLE_DEBUG_INFO = INCLUDE_SOURCE;
				MTL_FAST_MATH = YES;
				ONLY_ACTIVE_ARCH = YES;
				SDKROOT = iphoneos;
				SWIFT_ACTIVE_COMPILATION_CONDITIONS = DEBUG;
				SWIFT_OPTIMIZATION_LEVEL = "-Onone";
			};
			name = Debug;
		};
		5243D4D42511D5FD006B330B /* Release */ = {
			isa = XCBuildConfiguration;
			buildSettings = {
				ALWAYS_SEARCH_USER_PATHS = NO;
				CLANG_ANALYZER_NONNULL = YES;
				CLANG_ANALYZER_NUMBER_OBJECT_CONVERSION = YES_AGGRESSIVE;
				CLANG_CXX_LANGUAGE_STANDARD = "gnu++14";
				CLANG_CXX_LIBRARY = "libc++";
				CLANG_ENABLE_MODULES = YES;
				CLANG_ENABLE_OBJC_ARC = YES;
				CLANG_ENABLE_OBJC_WEAK = YES;
				CLANG_WARN_BLOCK_CAPTURE_AUTORELEASING = YES;
				CLANG_WARN_BOOL_CONVERSION = YES;
				CLANG_WARN_COMMA = YES;
				CLANG_WARN_CONSTANT_CONVERSION = YES;
				CLANG_WARN_DEPRECATED_OBJC_IMPLEMENTATIONS = YES;
				CLANG_WARN_DIRECT_OBJC_ISA_USAGE = YES_ERROR;
				CLANG_WARN_DOCUMENTATION_COMMENTS = YES;
				CLANG_WARN_EMPTY_BODY = YES;
				CLANG_WARN_ENUM_CONVERSION = YES;
				CLANG_WARN_INFINITE_RECURSION = YES;
				CLANG_WARN_INT_CONVERSION = YES;
				CLANG_WARN_NON_LITERAL_NULL_CONVERSION = YES;
				CLANG_WARN_OBJC_IMPLICIT_RETAIN_SELF = YES;
				CLANG_WARN_OBJC_LITERAL_CONVERSION = YES;
				CLANG_WARN_OBJC_ROOT_CLASS = YES_ERROR;
				CLANG_WARN_RANGE_LOOP_ANALYSIS = YES;
				CLANG_WARN_STRICT_PROTOTYPES = YES;
				CLANG_WARN_SUSPICIOUS_MOVE = YES;
				CLANG_WARN_UNGUARDED_AVAILABILITY = YES_AGGRESSIVE;
				CLANG_WARN_UNREACHABLE_CODE = YES;
				CLANG_WARN__DUPLICATE_METHOD_MATCH = YES;
				COPY_PHASE_STRIP = NO;
				DEBUG_INFORMATION_FORMAT = "dwarf-with-dsym";
				ENABLE_NS_ASSERTIONS = NO;
				ENABLE_STRICT_OBJC_MSGSEND = YES;
				GCC_C_LANGUAGE_STANDARD = gnu11;
				GCC_NO_COMMON_BLOCKS = YES;
				GCC_WARN_64_TO_32_BIT_CONVERSION = YES;
				GCC_WARN_ABOUT_RETURN_TYPE = YES_ERROR;
				GCC_WARN_UNDECLARED_SELECTOR = YES;
				GCC_WARN_UNINITIALIZED_AUTOS = YES_AGGRESSIVE;
				GCC_WARN_UNUSED_FUNCTION = YES;
				GCC_WARN_UNUSED_VARIABLE = YES;
				IPHONEOS_DEPLOYMENT_TARGET = 13.6;
				MTL_ENABLE_DEBUG_INFO = NO;
				MTL_FAST_MATH = YES;
				SDKROOT = iphoneos;
				SWIFT_COMPILATION_MODE = wholemodule;
				SWIFT_OPTIMIZATION_LEVEL = "-O";
				VALIDATE_PRODUCT = YES;
			};
			name = Release;
		};
		5243D4D62511D5FD006B330B /* Debug */ = {
			isa = XCBuildConfiguration;
			buildSettings = {
				ASSETCATALOG_COMPILER_APPICON_NAME = AppIcon;
				CODE_SIGN_STYLE = Automatic;
				DEVELOPMENT_ASSET_PATHS = "\"MapSwiftUI/Preview Content\"";
				ENABLE_PREVIEWS = YES;
				INFOPLIST_FILE = MapSwiftUI/Info.plist;
				LD_RUNPATH_SEARCH_PATHS = (
					"$(inherited)",
					"@executable_path/Frameworks",
				);
				PRODUCT_BUNDLE_IDENTIFIER = kingsleyenoka.MapSwiftUI;
				PRODUCT_NAME = "$(TARGET_NAME)";
				SWIFT_VERSION = 5.0;
				TARGETED_DEVICE_FAMILY = "1,2";
			};
			name = Debug;
		};
		5243D4D72511D5FD006B330B /* Release */ = {
			isa = XCBuildConfiguration;
			buildSettings = {
				ASSETCATALOG_COMPILER_APPICON_NAME = AppIcon;
				CODE_SIGN_STYLE = Automatic;
				DEVELOPMENT_ASSET_PATHS = "\"MapSwiftUI/Preview Content\"";
				ENABLE_PREVIEWS = YES;
				INFOPLIST_FILE = MapSwiftUI/Info.plist;
				LD_RUNPATH_SEARCH_PATHS = (
					"$(inherited)",
					"@executable_path/Frameworks",
				);
				PRODUCT_BUNDLE_IDENTIFIER = kingsleyenoka.MapSwiftUI;
				PRODUCT_NAME = "$(TARGET_NAME)";
				SWIFT_VERSION = 5.0;
				TARGETED_DEVICE_FAMILY = "1,2";
			};
			name = Release;
		};
		5243D4D92511D5FD006B330B /* Debug */ = {
			isa = XCBuildConfiguration;
			buildSettings = {
				ALWAYS_EMBED_SWIFT_STANDARD_LIBRARIES = YES;
				BUNDLE_LOADER = "$(TEST_HOST)";
				CODE_SIGN_STYLE = Automatic;
				INFOPLIST_FILE = MapSwiftUITests/Info.plist;
				IPHONEOS_DEPLOYMENT_TARGET = 13.6;
				LD_RUNPATH_SEARCH_PATHS = (
					"$(inherited)",
					"@executable_path/Frameworks",
					"@loader_path/Frameworks",
				);
				PRODUCT_BUNDLE_IDENTIFIER = kingsleyenoka.MapSwiftUITests;
				PRODUCT_NAME = "$(TARGET_NAME)";
				SWIFT_VERSION = 5.0;
				TARGETED_DEVICE_FAMILY = "1,2";
				TEST_HOST = "$(BUILT_PRODUCTS_DIR)/MapSwiftUI.app/MapSwiftUI";
			};
			name = Debug;
		};
		5243D4DA2511D5FD006B330B /* Release */ = {
			isa = XCBuildConfiguration;
			buildSettings = {
				ALWAYS_EMBED_SWIFT_STANDARD_LIBRARIES = YES;
				BUNDLE_LOADER = "$(TEST_HOST)";
				CODE_SIGN_STYLE = Automatic;
				INFOPLIST_FILE = MapSwiftUITests/Info.plist;
				IPHONEOS_DEPLOYMENT_TARGET = 13.6;
				LD_RUNPATH_SEARCH_PATHS = (
					"$(inherited)",
					"@executable_path/Frameworks",
					"@loader_path/Frameworks",
				);
				PRODUCT_BUNDLE_IDENTIFIER = kingsleyenoka.MapSwiftUITests;
				PRODUCT_NAME = "$(TARGET_NAME)";
				SWIFT_VERSION = 5.0;
				TARGETED_DEVICE_FAMILY = "1,2";
				TEST_HOST = "$(BUILT_PRODUCTS_DIR)/MapSwiftUI.app/MapSwiftUI";
			};
			name = Release;
		};
		5243D4DC2511D5FD006B330B /* Debug */ = {
			isa = XCBuildConfiguration;
			buildSettings = {
				ALWAYS_EMBED_SWIFT_STANDARD_LIBRARIES = YES;
				CODE_SIGN_STYLE = Automatic;
				INFOPLIST_FILE = MapSwiftUIUITests/Info.plist;
				LD_RUNPATH_SEARCH_PATHS = (
					"$(inherited)",
					"@executable_path/Frameworks",
					"@loader_path/Frameworks",
				);
				PRODUCT_BUNDLE_IDENTIFIER = kingsleyenoka.MapSwiftUIUITests;
				PRODUCT_NAME = "$(TARGET_NAME)";
				SWIFT_VERSION = 5.0;
				TARGETED_DEVICE_FAMILY = "1,2";
				TEST_TARGET_NAME = MapSwiftUI;
			};
			name = Debug;
		};
		5243D4DD2511D5FD006B330B /* Release */ = {
			isa = XCBuildConfiguration;
			buildSettings = {
				ALWAYS_EMBED_SWIFT_STANDARD_LIBRARIES = YES;
				CODE_SIGN_STYLE = Automatic;
				INFOPLIST_FILE = MapSwiftUIUITests/Info.plist;
				LD_RUNPATH_SEARCH_PATHS = (
					"$(inherited)",
					"@executable_path/Frameworks",
					"@loader_path/Frameworks",
				);
				PRODUCT_BUNDLE_IDENTIFIER = kingsleyenoka.MapSwiftUIUITests;
				PRODUCT_NAME = "$(TARGET_NAME)";
				SWIFT_VERSION = 5.0;
				TARGETED_DEVICE_FAMILY = "1,2";
				TEST_TARGET_NAME = MapSwiftUI;
			};
			name = Release;
		};
/* End XCBuildConfiguration section */

/* Begin XCConfigurationList section */
		5243D4A62511D5FC006B330B /* Build configuration list for PBXProject "MapSwiftUI" */ = {
			isa = XCConfigurationList;
			buildConfigurations = (
				5243D4D32511D5FD006B330B /* Debug */,
				5243D4D42511D5FD006B330B /* Release */,
			);
			defaultConfigurationIsVisible = 0;
			defaultConfigurationName = Release;
		};
		5243D4D52511D5FD006B330B /* Build configuration list for PBXNativeTarget "MapSwiftUI" */ = {
			isa = XCConfigurationList;
			buildConfigurations = (
				5243D4D62511D5FD006B330B /* Debug */,
				5243D4D72511D5FD006B330B /* Release */,
			);
			defaultConfigurationIsVisible = 0;
			defaultConfigurationName = Release;
		};
		5243D4D82511D5FD006B330B /* Build configuration list for PBXNativeTarget "MapSwiftUITests" */ = {
			isa = XCConfigurationList;
			buildConfigurations = (
				5243D4D92511D5FD006B330B /* Debug */,
				5243D4DA2511D5FD006B330B /* Release */,
			);
			defaultConfigurationIsVisible = 0;
			defaultConfigurationName = Release;
		};
		5243D4DB2511D5FD006B330B /* Build configuration list for PBXNativeTarget "MapSwiftUIUITests" */ = {
			isa = XCConfigurationList;
			buildConfigurations = (
				5243D4DC2511D5FD006B330B /* Debug */,
				5243D4DD2511D5FD006B330B /* Release */,
			);
			defaultConfigurationIsVisible = 0;
			defaultConfigurationName = Release;
		};
/* End XCConfigurationList section */
	};
	rootObject = 5243D4A32511D5FC006B330B /* Project object */;
}
